
Microsoft Visual Studio Solution File, Format Version 12.00
# Visual Studio Version 17
VisualStudioVersion = 17.13.35806.99 d17.13
MinimumVisualStudioVersion = 10.0.40219.1
Project("{FAE04EC0-301F-11D3-BF4B-00C04F79EFBC}") = "BethanysPieShopHRM", "BethanysPieShopHRM\BethanysPieShopHRM.csproj", "{2E7CF840-EBF4-4D5C-BDD9-0C4E8A8C3CBD}"
EndProject
Global
	GlobalSection(SolutionConfigurationPlatforms) = preSolution
		Debug|Any CPU = Debug|Any CPU
		Release|Any CPU = Release|Any CPU
	EndGlobalSection
	GlobalSection(ProjectConfigurationPlatforms) = postSolution
		{2E7CF840-EBF4-4D5C-BDD9-0C4E8A8C3CBD}.Debug|Any CPU.ActiveCfg = Debug|Any CPU
		{2E7CF840-EBF4-4D5C-BDD9-0C4E8A8C3CBD}.Debug|Any CPU.Build.0 = Debug|Any CPU
		{2E7CF840-EBF4-4D5C-BDD9-0C4E8A8C3CBD}.Release|Any CPU.ActiveCfg = Release|Any CPU
		{2E7CF840-EBF4-4D5C-BDD9-0C4E8A8C3CBD}.Release|Any CPU.Build.0 = Release|Any CPU
	EndGlobalSection
	GlobalSection(SolutionProperties) = preSolution
		HideSolutionNode = FALSE
	EndGlobalSection
	GlobalSection(ExtensibilityGlobals) = postSolution
		SolutionGuid = {6E6DB364-AF5C-41FD-B757-385A611B709E}
	EndGlobalSection
EndGlobal
